{
  "version": 1,
  "dependencies": {
    "net11.0": {
      "AssimpNet": {
        "type": "Direct",
        "requested": "[4.1.0, )",
        "resolved": "4.1.0",
        "contentHash": "z/4Tmf3Q2r1+vN6o/szArEZvPsdYNRYiS0L/yArybQd7n7KCiS9L4lRZhwwlHJb/edECM+Jky0XisVspr5aQWQ==",
        "dependencies": {
          "NETStandard.Library": "1.6.1"
        }
      },
      "FluentAssertions": {
        "type": "Direct",
        "requested": "[6.12.0, )",
        "resolved": "6.12.0",
        "contentHash": "ZXhHT2YwP9lajrwSKbLlFqsmCCvFJMoRSK9t7sImfnCyd0OB3MhgxdoMcVqxbq1iyxD6mD2fiackWmBb7ayiXQ==",
        "dependencies": {
          "System.Configuration.ConfigurationManager": "4.4.0"
        }
      },
      "Microsoft.NET.Test.Sdk": {
        "type": "Direct",
        "requested": "[17.9.0, )",
        "resolved": "17.9.0",
        "contentHash": "7GUNAUbJYn644jzwLm5BD3a2p9C1dmP8Hr6fDPDxgItQk9hBs1Svdxzz07KQ/UphMSmgza9AbijBJGmw5D658A==",
        "dependencies": {
          "Microsoft.CodeCoverage": "17.9.0",
          "Microsoft.TestPlatform.TestHost": "17.9.0"
        }
      },
      "MinVer": {
        "type": "Direct",
        "requested": "[7.*, )",
        "resolved": "7.0.0",
        "contentHash": "2lMTCQl5bGP4iv0JNkockPnyllC6eHLz+CoK2ICvalvHod+exXSxueu9hq+zNkU7bZBJf8wMfeRC/Edn8AGmEg=="
      },
      "SixLabors.ImageSharp": {
        "type": "Direct",
        "requested": "[3.1.11, )",
        "resolved": "3.1.11",
        "contentHash": "JfPLyigLthuE50yi6tMt7Amrenr/fA31t2CvJyhy/kQmfulIBAqo5T/YFUSRHtuYPXRSaUHygFeh6Qd933EoSw=="
      },
      "Spectre.Console": {
        "type": "Direct",
        "requested": "[0.*, )",
        "resolved": "0.54.0",
        "contentHash": "StDXCFayfy0yB1xzUHT2tgEpV1/HFTiS4JgsAQS49EYTfMixSwwucaQs/bIOCwXjWwIQTMuxjUIxcB5XsJkFJA=="
      },
      "System.CommandLine": {
        "type": "Direct",
        "requested": "[2.0.3, )",
        "resolved": "2.0.3",
        "contentHash": "5nY9hlrGGFEmyecNUux58sohD2Q16U6jlFBYwH57b2IVUs+u7LfMFaHwOtw2tuIi8CUl6jKXw5s4FuIt9aLtug=="
      },
      "xunit": {
        "type": "Direct",
        "requested": "[2.7.0, )",
        "resolved": "2.7.0",
        "contentHash": "KcCI5zxh8zbUfQTeErc4oT7YokViVND2V0p4vDJ2VD4lhF9V5qCYMMDNixme7FdwYy3SwPHF+2xC2Dq4Z9GSlA==",
        "dependencies": {
          "xunit.analyzers": "1.11.0",
          "xunit.assert": "2.7.0",
          "xunit.core": "[2.7.0]"
        }
      },
      "xunit.runner.visualstudio": {
        "type": "Direct",
        "requested": "[2.5.4, )",
        "resolved": "2.5.4",
        "contentHash": "YUtEOBdArAISyb1cTWcHc6/bilSDB9q5lc8ughPQP1MqlAKSkxKMBqLQ+tiWMFRBd2o22E59nLD/4V5R3jfZxQ=="
      },
      "AssetsTools.NET": {
        "type": "Transitive",
        "resolved": "3.0.4",
        "contentHash": "NqYy5UIucwKwdkpamFTi8lr53hD+V8qQmbHzztQj1v4Pq1G4TjNlpkUWOhktTLBqBm4aPRaAkpFgB+3TDEuomw=="
      },
      "Microsoft.CodeCoverage": {
        "type": "Transitive",
        "resolved": "17.9.0",
        "contentHash": "RGD37ZSrratfScYXm7M0HjvxMxZyWZL4jm+XgMZbkIY1UPgjUpbNA/t+WTGj/rC/0Hm9A3IrH3ywbKZkOCnoZA=="
      },
      "Microsoft.NETCore.Platforms": {
        "type": "Transitive",
        "resolved": "1.1.0",
        "contentHash": "kz0PEW2lhqygehI/d6XsPCQzD7ff7gUJaVGPVETX611eadGsA3A877GdSlU0LRVMCTH/+P3o2iDTak+S08V2+A=="
      },
      "Microsoft.TestPlatform.ObjectModel": {
        "type": "Transitive",
        "resolved": "17.9.0",
        "contentHash": "1ilw/8vgmjLyKU+2SKXKXaOqpYFJCQfGqGz+x0cosl981VzjrY74Sv6qAJv+neZMZ9ZMxF3ArN6kotaQ4uvEBw=="
      },
      "Microsoft.TestPlatform.TestHost": {
        "type": "Transitive",
        "resolved": "17.9.0",
        "contentHash": "Spmg7Wx49Ya3SxBjyeAR+nQpjMTKZwTwpZ7KyeOTIqI/WHNPnBU4HUvl5kuHPQAwGWqMy4FGZja1HvEwvoaDiA==",
        "dependencies": {
          "Microsoft.TestPlatform.ObjectModel": "17.9.0",
          "Newtonsoft.Json": "13.0.1"
        }
      },
      "Namotion.Reflection": {
        "type": "Transitive",
        "resolved": "2.1.2",
        "contentHash": "7tSHAzX8GWKy0qrW6OgQWD7kAZiqzhq+m1503qczuwuK6ZYhOGCQUxw+F3F4KkRM70aB6RMslsRVSCFeouIehw=="
      },
      "NETStandard.Library": {
        "type": "Transitive",
        "resolved": "1.6.1",
        "contentHash": "WcSp3+vP+yHNgS8EV5J7pZ9IRpeDuARBPN28by8zqff1wJQXm26PVU8L3/fYLBJVU7BtDyqNVWq2KlCVvSSR4A==",
        "dependencies": {
          "Microsoft.NETCore.Platforms": "1.1.0"
        }
      },
      "Newtonsoft.Json": {
        "type": "Transitive",
        "resolved": "13.0.4",
        "contentHash": "pdgNNMai3zv51W5aq268sujXUyx7SNdE2bj1wZcWjAQrKMFZV260lbqYop1d2GM67JI1huLRwxo9ZqnfF/lC6A=="
      },
      "NJsonSchema": {
        "type": "Transitive",
        "resolved": "10.9.0",
        "contentHash": "IBPo6Srxn2MEcIFM3HdM4QImrJbsIeujENQyzHL2Pv6wLsKSYAyAEilecRqaLOhoy3snEiPLx7hhv7opbhOxKQ==",
        "dependencies": {
          "Namotion.Reflection": "2.1.2",
          "Newtonsoft.Json": "9.0.1"
        }
      },
      "Sentry": {
        "type": "Transitive",
        "resolved": "4.11.0",
        "contentHash": "uIWfs/AH8lq2lW3P0K7oOvOoja1HZpKA7TIwWHdHDNq2fRV3I6AwIJQtOqrB61dXqI+7zwo6DCMkYF/vY9HZwA=="
      },
      "System.Configuration.ConfigurationManager": {
        "type": "Transitive",
        "resolved": "4.4.0",
        "contentHash": "gWwQv/Ug1qWJmHCmN17nAbxJYmQBM/E94QxKLksvUiiKB1Ld3Sc/eK1lgmbSjDFxkQhVuayI/cGFZhpBSodLrg==",
        "dependencies": {
          "System.Security.Cryptography.ProtectedData": "4.4.0"
        }
      },
      "System.Security.Cryptography.ProtectedData": {
        "type": "Transitive",
        "resolved": "4.4.0",
        "contentHash": "cJV7ScGW7EhatRsjehfvvYVBvtiSMKgN8bOVI0bQhnF5bU7vnHVIsH49Kva7i7GWaWYvmEzkYVk1TC+gZYBEog=="
      },
      "xunit.abstractions": {
        "type": "Transitive",
        "resolved": "2.0.3",
        "contentHash": "pot1I4YOxlWjIb5jmwvvQNbTrZ3lJQ+jUGkGjWE3hEFM0l5gOnBWS+H3qsex68s5cO52g+44vpGzhAt+42vwKg=="
      },
      "xunit.analyzers": {
        "type": "Transitive",
        "resolved": "1.11.0",
        "contentHash": "SCv+Ihxv+fCqotGeM8sVwLhw8nzAJ2aFRN5lcoKn9QtGdbVJ79JqDc+4u8/Ddnp2udxtmv+xYFWkHNlb/sk01w=="
      },
      "xunit.assert": {
        "type": "Transitive",
        "resolved": "2.7.0",
        "contentHash": "CCTs3bUhmIS4tDwK6Cn/IiabG3RhYzdf65eIkO7u9/grKoN9MrN780LzVED3E8v+vwmmj7b5TW3/GFuZHPAzWA=="
      },
      "xunit.core": {
        "type": "Transitive",
        "resolved": "2.7.0",
        "contentHash": "98tzqYAbtc/p/2Ba455XTNbD12Qoo8kPehjC4oDT46CAsLli5JOCU9hFF2MV3HHWMw/Y3yFUV2Vcukplbs6kuA==",
        "dependencies": {
          "xunit.extensibility.core": "[2.7.0]",
          "xunit.extensibility.execution": "[2.7.0]"
        }
      },
      "xunit.extensibility.core": {
        "type": "Transitive",
        "resolved": "2.7.0",
        "contentHash": "JLnx4PI0vn1Xr1Ust6ydrp2t/ktm2dyGPAVoDJV5gQuvBMSbd2K7WGzODa2ttiz030CeQ8nbsXl05+cvf7QNyA==",
        "dependencies": {
          "xunit.abstractions": "2.0.3"
        }
      },
      "xunit.extensibility.execution": {
        "type": "Transitive",
        "resolved": "2.7.0",
        "contentHash": "bjY+crT1jOyxKagFjCMdEVzoenO2v66ru8+CK/0UaXvyG4U9Q3UTieJkbQXbi7/1yZIK1sGh01l5/jh2CwLJtQ==",
        "dependencies": {
          "xunit.extensibility.core": "[2.7.0]"
        }
      },
      "YamlDotNet": {
        "type": "Transitive",
        "resolved": "16.3.0",
        "contentHash": "SgMOdxbz8X65z8hraIs6hOEdnkH6hESTAIUa7viEngHOYaH+6q5XJmwr1+yb9vJpNQ19hCQY69xbFsLtXpobQA=="
      },
      "dinoforge.sdk": {
        "type": "Project",
        "dependencies": {
          "AssetsTools.NET": "[3.0.4, )",
          "NJsonSchema": "[10.*, )",
          "Newtonsoft.Json": "[13.*, )",
          "Sentry": "[4.11.0, )",
          "YamlDotNet": "[16.*, )"
        }
      }
    }
  }
}