{
  "version": 1,
  "dependencies": {
    "net11.0": {
      "Microsoft.DotNet.ILCompiler": {
        "type": "Direct",
        "requested": "[11.0.0-preview.2.26159.112, )",
        "resolved": "11.0.0-preview.2.26159.112",
        "contentHash": "1m9uT/vfd5qkCkScRTf9Njrg4eGqVXJg0mOgasgFQt5xpGIki9AsYqlwry3tKFdoPYk1UqUd1+wq+QZ28AfETQ=="
      },
      "Microsoft.NET.ILLink.Tasks": {
        "type": "Direct",
        "requested": "[11.0.0-preview.2.26159.112, )",
        "resolved": "11.0.0-preview.2.26159.112",
        "contentHash": "TnwQtmgvXJ+Moj8F0X41gNiLvXvBjYuWycwC0BUlYM3NHP0jzBAe8jWGuxlPNxh/XGDA7oOcwcpTLGcVJNwOYQ=="
      }
    },
    "net11.0/win-x64": {
      "Microsoft.DotNet.ILCompiler": {
        "type": "Direct",
        "requested": "[11.0.0-preview.2.26159.112, )",
        "resolved": "11.0.0-preview.2.26159.112",
        "contentHash": "1m9uT/vfd5qkCkScRTf9Njrg4eGqVXJg0mOgasgFQt5xpGIki9AsYqlwry3tKFdoPYk1UqUd1+wq+QZ28AfETQ==",
        "dependencies": {
          "runtime.win-x64.Microsoft.DotNet.ILCompiler": "11.0.0-preview.2.26159.112"
        }
      },
      "runtime.win-x64.Microsoft.DotNet.ILCompiler": {
        "type": "Transitive",
        "resolved": "11.0.0-preview.2.26159.112",
        "contentHash": "aZoDyB4qT2zADZx3DUKfkw49qUISB5x9cwDEgyXUsq4j0VkoI7uzTRLk7KnowighffFTAEs3urJqftBVYHnJdA=="
      }
    }
  }
}